
Microsoft Visual Studio Solution File, Format Version 12.00
# Visual Studio 15
VisualStudioVersion = 15.0.27130.2036
MinimumVisualStudioVersion = 10.0.40219.1
Project("{8BC9CEB8-8B4A-11D0-8D11-00A0C91BC942}") = "Assignment 3 DSA", "Assignment 3 DSA\Assignment 3 DSA.vcxproj", "{0426C806-960E-4296-9235-2E9F4A0DEB64}"
EndProject
Global
	GlobalSection(SolutionConfigurationPlatforms) = preSolution
		Debug|x64 = Debug|x64
		Debug|x86 = Debug|x86
		Release|x64 = Release|x64
		Release|x86 = Release|x86
	EndGlobalSection
	GlobalSection(ProjectConfigurationPlatforms) = postSolution
		{0426C806-960E-4296-9235-2E9F4A0DEB64}.Debug|x64.ActiveCfg = Debug|x64
		{0426C806-960E-4296-9235-2E9F4A0DEB64}.Debug|x64.Build.0 = Debug|x64
		{0426C806-960E-4296-9235-2E9F4A0DEB64}.Debug|x86.ActiveCfg = Debug|Win32
		{0426C806-960E-4296-9235-2E9F4A0DEB64}.Debug|x86.Build.0 = Debug|Win32
		{0426C806-960E-4296-9235-2E9F4A0DEB64}.Release|x64.ActiveCfg = Release|x64
		{0426C806-960E-4296-9235-2E9F4A0DEB64}.Release|x64.Build.0 = Release|x64
		{0426C806-960E-4296-9235-2E9F4A0DEB64}.Release|x86.ActiveCfg = Release|Win32
		{0426C806-960E-4296-9235-2E9F4A0DEB64}.Release|x86.Build.0 = Release|Win32
	EndGlobalSection
	GlobalSection(SolutionProperties) = preSolution
		HideSolutionNode = FALSE
	EndGlobalSection
	GlobalSection(ExtensibilityGlobals) = postSolution
		SolutionGuid = {290F8D55-E81F-4D4F-B43C-C277BC489D20}
	EndGlobalSection
EndGlobal
