
Microsoft Visual Studio Solution File, Format Version 12.00
# Visual Studio 15
VisualStudioVersion = 15.0.27130.2036
MinimumVisualStudioVersion = 10.0.40219.1
Project("{8BC9CEB8-8B4A-11D0-8D11-00A0C91BC942}") = "Root Project", "ConsoleApplication1\ConsoleApplication1.vcxproj", "{15BBBEEF-8701-4229-8377-912D4ACB42F3}"
EndProject
Global
	GlobalSection(SolutionConfigurationPlatforms) = preSolution
		Debug|x64 = Debug|x64
		Debug|x86 = Debug|x86
		Release|x64 = Release|x64
		Release|x86 = Release|x86
	EndGlobalSection
	GlobalSection(ProjectConfigurationPlatforms) = postSolution
		{15BBBEEF-8701-4229-8377-912D4ACB42F3}.Debug|x64.ActiveCfg = Debug|x64
		{15BBBEEF-8701-4229-8377-912D4ACB42F3}.Debug|x64.Build.0 = Debug|x64
		{15BBBEEF-8701-4229-8377-912D4ACB42F3}.Debug|x86.ActiveCfg = Debug|Win32
		{15BBBEEF-8701-4229-8377-912D4ACB42F3}.Debug|x86.Build.0 = Debug|Win32
		{15BBBEEF-8701-4229-8377-912D4ACB42F3}.Release|x64.ActiveCfg = Release|x64
		{15BBBEEF-8701-4229-8377-912D4ACB42F3}.Release|x64.Build.0 = Release|x64
		{15BBBEEF-8701-4229-8377-912D4ACB42F3}.Release|x86.ActiveCfg = Release|Win32
		{15BBBEEF-8701-4229-8377-912D4ACB42F3}.Release|x86.Build.0 = Release|Win32
	EndGlobalSection
	GlobalSection(SolutionProperties) = preSolution
		HideSolutionNode = FALSE
	EndGlobalSection
	GlobalSection(ExtensibilityGlobals) = postSolution
		SolutionGuid = {B07534A2-BD72-4052-BA9E-AF15892EC781}
	EndGlobalSection
EndGlobal
